// !$*UTF8*$!
{
	archiveVersion = 1;
	classes = {
	};
	objectVersion = 55;
	objects = {

/* Begin PBXBuildFile section */
		1102C14328A7DA7800385E93 /* AppDelegate.swift in Sources */ = {isa = PBXBuildFile; fileRef = 1102C14228A7DA7800385E93 /* AppDelegate.swift */; };
		1102C14528A7DA7800385E93 /* SceneDelegate.swift in Sources */ = {isa = PBXBuildFile; fileRef = 1102C14428A7DA7800385E93 /* SceneDelegate.swift */; };
		1102C14728A7DA7800385E93 /* ViewController.swift in Sources */ = {isa = PBXBuildFile; fileRef = 1102C14628A7DA7800385E93 /* ViewController.swift */; };
		1102C14A28A7DA7800385E93 /* Main.storyboard in Resources */ = {isa = PBXBuildFile; fileRef = 1102C14828A7DA7800385E93 /* Main.storyboard */; };
		1102C14C28A7DA7900385E93 /* Assets.xcassets in Resources */ = {isa = PBXBuildFile; fileRef = 1102C14B28A7DA7900385E93 /* Assets.xcassets */; };
		1102C14F28A7DA7900385E93 /* LaunchScreen.storyboard in Resources */ = {isa = PBXBuildFile; fileRef = 1102C14D28A7DA7900385E93 /* LaunchScreen.storyboard */; };
		1102C15C28A7DAD800385E93 /* ContactTableViewCell.swift in Sources */ = {isa = PBXBuildFile; fileRef = 1102C15A28A7DAD800385E93 /* ContactTableViewCell.swift */; };
		1102C15D28A7DAD800385E93 /* ContactTableViewCell.xib in Resources */ = {isa = PBXBuildFile; fileRef = 1102C15B28A7DAD800385E93 /* ContactTableViewCell.xib */; };
		1102C15F28A7DBEC00385E93 /* BaseViewController.swift in Sources */ = {isa = PBXBuildFile; fileRef = 1102C15E28A7DBEC00385E93 /* BaseViewController.swift */; };
		1102C16828A7DC3200385E93 /* HomeViewController.swift in Sources */ = {isa = PBXBuildFile; fileRef = 1102C16628A7DC3200385E93 /* HomeViewController.swift */; };
		1102C16928A7DC3200385E93 /* HomeViewController.xib in Resources */ = {isa = PBXBuildFile; fileRef = 1102C16728A7DC3200385E93 /* HomeViewController.xib */; };
		1102C16B28A7DC6B00385E93 /* HomeViewModel.swift in Sources */ = {isa = PBXBuildFile; fileRef = 1102C16A28A7DC6B00385E93 /* HomeViewModel.swift */; };
		1102C16D28A7DC9200385E93 /* Networking.swift in Sources */ = {isa = PBXBuildFile; fileRef = 1102C16C28A7DC9200385E93 /* Networking.swift */; };
		1102C16F28A7DCAF00385E93 /* Contacts.swift in Sources */ = {isa = PBXBuildFile; fileRef = 1102C16E28A7DCAF00385E93 /* Contacts.swift */; };
		1102C17228A7DDEB00385E93 /* CreateViewController.swift in Sources */ = {isa = PBXBuildFile; fileRef = 1102C17028A7DDEB00385E93 /* CreateViewController.swift */; };
		1102C17328A7DDEB00385E93 /* CreateViewController.xib in Resources */ = {isa = PBXBuildFile; fileRef = 1102C17128A7DDEB00385E93 /* CreateViewController.xib */; };
		1102C17628A7DDF600385E93 /* EditViewController.swift in Sources */ = {isa = PBXBuildFile; fileRef = 1102C17428A7DDF600385E93 /* EditViewController.swift */; };
		1102C17728A7DDF600385E93 /* EditViewController.xib in Resources */ = {isa = PBXBuildFile; fileRef = 1102C17528A7DDF600385E93 /* EditViewController.xib */; };
		1102C17928A7E05D00385E93 /* CreateViewModel.swift in Sources */ = {isa = PBXBuildFile; fileRef = 1102C17828A7E05D00385E93 /* CreateViewModel.swift */; };
		1102C17B28A7E1B400385E93 /* EditViewModel.swift in Sources */ = {isa = PBXBuildFile; fileRef = 1102C17A28A7E1B400385E93 /* EditViewModel.swift */; };
		6AB7AE6D8A277B898DA99027 /* Pods_ContactsMVVM.framework in Frameworks */ = {isa = PBXBuildFile; fileRef = A3A6676AC5F55CCF8BB86F10 /* Pods_ContactsMVVM.framework */; };
/* End PBXBuildFile section */

/* Begin PBXFileReference section */
		1102C13F28A7DA7800385E93 /* ContactsMVVM.app */ = {isa = PBXFileReference; explicitFileType = wrapper.application; includeInIndex = 0; path = ContactsMVVM.app; sourceTree = BUILT_PRODUCTS_DIR; };
		1102C14228A7DA7800385E93 /* AppDelegate.swift */ = {isa = PBXFileReference; lastKnownFileType = sourcecode.swift; path = AppDelegate.swift; sourceTree = "<group>"; };
		1102C14428A7DA7800385E93 /* SceneDelegate.swift */ = {isa = PBXFileReference; lastKnownFileType = sourcecode.swift; path = SceneDelegate.swift; sourceTree = "<group>"; };
		1102C14628A7DA7800385E93 /* ViewController.swift */ = {isa = PBXFileReference; lastKnownFileType = sourcecode.swift; path = ViewController.swift; sourceTree = "<group>"; };
		1102C14928A7DA7800385E93 /* Base */ = {isa = PBXFileReference; lastKnownFileType = file.storyboard; name = Base; path = Base.lproj/Main.storyboard; sourceTree = "<group>"; };
		1102C14B28A7DA7900385E93 /* Assets.xcassets */ = {isa = PBXFileReference; lastKnownFileType = folder.assetcatalog; path = Assets.xcassets; sourceTree = "<group>"; };
		1102C14E28A7DA7900385E93 /* Base */ = {isa = PBXFileReference; lastKnownFileType = file.storyboard; name = Base; path = Base.lproj/LaunchScreen.storyboard; sourceTree = "<group>"; };
		1102C15028A7DA7900385E93 /* Info.plist */ = {isa = PBXFileReference; lastKnownFileType = text.plist.xml; path = Info.plist; sourceTree = "<group>"; };
		1102C15A28A7DAD800385E93 /* ContactTableViewCell.swift */ = {isa = PBXFileReference; lastKnownFileType = sourcecode.swift; path = ContactTableViewCell.swift; sourceTree = "<group>"; };
		1102C15B28A7DAD800385E93 /* ContactTableViewCell.xib */ = {isa = PBXFileReference; lastKnownFileType = file.xib; path = ContactTableViewCell.xib; sourceTree = "<group>"; };
		1102C15E28A7DBEC00385E93 /* BaseViewController.swift */ = {isa = PBXFileReference; lastKnownFileType = sourcecode.swift; path = BaseViewController.swift; sourceTree = "<group>"; };
		1102C16628A7DC3200385E93 /* HomeViewController.swift */ = {isa = PBXFileReference; lastKnownFileType = sourcecode.swift; path = HomeViewController.swift; sourceTree = "<group>"; };
		1102C16728A7DC3200385E93 /* HomeViewController.xib */ = {isa = PBXFileReference; lastKnownFileType = file.xib; path = HomeViewController.xib; sourceTree = "<group>"; };
		1102C16A28A7DC6B00385E93 /* HomeViewModel.swift */ = {isa = PBXFileReference; lastKnownFileType = sourcecode.swift; path = HomeViewModel.swift; sourceTree = "<group>"; };
		1102C16C28A7DC9200385E93 /* Networking.swift */ = {isa = PBXFileReference; lastKnownFileType = sourcecode.swift; path = Networking.swift; sourceTree = "<group>"; };
		1102C16E28A7DCAF00385E93 /* Contacts.swift */ = {isa = PBXFileReference; lastKnownFileType = sourcecode.swift; path = Contacts.swift; sourceTree = "<group>"; };
		1102C17028A7DDEB00385E93 /* CreateViewController.swift */ = {isa = PBXFileReference; lastKnownFileType = sourcecode.swift; path = CreateViewController.swift; sourceTree = "<group>"; };
		1102C17128A7DDEB00385E93 /* CreateViewController.xib */ = {isa = PBXFileReference; lastKnownFileType = file.xib; path = CreateViewController.xib; sourceTree = "<group>"; };
		1102C17428A7DDF600385E93 /* EditViewController.swift */ = {isa = PBXFileReference; lastKnownFileType = sourcecode.swift; path = EditViewController.swift; sourceTree = "<group>"; };
		1102C17528A7DDF600385E93 /* EditViewController.xib */ = {isa = PBXFileReference; lastKnownFileType = file.xib; path = EditViewController.xib; sourceTree = "<group>"; };
		1102C17828A7E05D00385E93 /* CreateViewModel.swift */ = {isa = PBXFileReference; lastKnownFileType = sourcecode.swift; path = CreateViewModel.swift; sourceTree = "<group>"; };
		1102C17A28A7E1B400385E93 /* EditViewModel.swift */ = {isa = PBXFileReference; lastKnownFileType = sourcecode.swift; path = EditViewModel.swift; sourceTree = "<group>"; };
		A3A6676AC5F55CCF8BB86F10 /* Pods_ContactsMVVM.framework */ = {isa = PBXFileReference; explicitFileType = wrapper.framework; includeInIndex = 0; path = Pods_ContactsMVVM.framework; sourceTree = BUILT_PRODUCTS_DIR; };
		D36967B17151EC0CE9FAB561 /* Pods-ContactsMVVM.debug.xcconfig */ = {isa = PBXFileReference; includeInIndex = 1; lastKnownFileType = text.xcconfig; name = "Pods-ContactsMVVM.debug.xcconfig"; path = "Target Support Files/Pods-ContactsMVVM/Pods-ContactsMVVM.debug.xcconfig"; sourceTree = "<group>"; };
		F4A46008F0967A52BC35E404 /* Pods-ContactsMVVM.release.xcconfig */ = {isa = PBXFileReference; includeInIndex = 1; lastKnownFileType = text.xcconfig; name = "Pods-ContactsMVVM.release.xcconfig"; path = "Target Support Files/Pods-ContactsMVVM/Pods-ContactsMVVM.release.xcconfig"; sourceTree = "<group>"; };
/* End PBXFileReference section */

/* Begin PBXFrameworksBuildPhase section */
		1102C13C28A7DA7800385E93 /* Frameworks */ = {
			isa = PBXFrameworksBuildPhase;
			buildActionMask = 2147483647;
			files = (
				6AB7AE6D8A277B898DA99027 /* Pods_ContactsMVVM.framework in Frameworks */,
			);
			runOnlyForDeploymentPostprocessing = 0;
		};
/* End PBXFrameworksBuildPhase section */

/* Begin PBXGroup section */
		1102C13628A7DA7800385E93 = {
			isa = PBXGroup;
			children = (
				1102C14128A7DA7800385E93 /* ContactsMVVM */,
				1102C14028A7DA7800385E93 /* Products */,
				2FAF03B7E55983E459D70082 /* Pods */,
				C3E71D2200BD86F4DDFB69E8 /* Frameworks */,
			);
			sourceTree = "<group>";
		};
		1102C14028A7DA7800385E93 /* Products */ = {
			isa = PBXGroup;
			children = (
				1102C13F28A7DA7800385E93 /* ContactsMVVM.app */,
			);
			name = Products;
			sourceTree = "<group>";
		};
		1102C14128A7DA7800385E93 /* ContactsMVVM */ = {
			isa = PBXGroup;
			children = (
				1102C15628A7DA8200385E93 /* controllers */,
				1102C15828A7DA9500385E93 /* network */,
				1102C15928A7DAAF00385E93 /* model */,
				1102C15728A7DA8D00385E93 /* cells */,
				1102C14228A7DA7800385E93 /* AppDelegate.swift */,
				1102C14428A7DA7800385E93 /* SceneDelegate.swift */,
				1102C14628A7DA7800385E93 /* ViewController.swift */,
				1102C14828A7DA7800385E93 /* Main.storyboard */,
				1102C14B28A7DA7900385E93 /* Assets.xcassets */,
				1102C14D28A7DA7900385E93 /* LaunchScreen.storyboard */,
				1102C15028A7DA7900385E93 /* Info.plist */,
			);
			path = ContactsMVVM;
			sourceTree = "<group>";
		};
		1102C15628A7DA8200385E93 /* controllers */ = {
			isa = PBXGroup;
			children = (
				1102C15E28A7DBEC00385E93 /* BaseViewController.swift */,
				1102C16028A7DBF200385E93 /* home */,
				1102C16228A7DC0300385E93 /* create */,
				1102C16128A7DBFD00385E93 /* edit */,
			);
			path = controllers;
			sourceTree = "<group>";
		};
		1102C15728A7DA8D00385E93 /* cells */ = {
			isa = PBXGroup;
			children = (
				1102C15A28A7DAD800385E93 /* ContactTableViewCell.swift */,
				1102C15B28A7DAD800385E93 /* ContactTableViewCell.xib */,
			);
			path = cells;
			sourceTree = "<group>";
		};
		1102C15828A7DA9500385E93 /* network */ = {
			isa = PBXGroup;
			children = (
				1102C16C28A7DC9200385E93 /* Networking.swift */,
			);
			path = network;
			sourceTree = "<group>";
		};
		1102C15928A7DAAF00385E93 /* model */ = {
			isa = PBXGroup;
			children = (
				1102C16E28A7DCAF00385E93 /* Contacts.swift */,
			);
			path = model;
			sourceTree = "<group>";
		};
		1102C16028A7DBF200385E93 /* home */ = {
			isa = PBXGroup;
			children = (
				1102C16328A7DC1000385E93 /* viewmodel */,
				1102C16628A7DC3200385E93 /* HomeViewController.swift */,
				1102C16728A7DC3200385E93 /* HomeViewController.xib */,
			);
			path = home;
			sourceTree = "<group>";
		};
		1102C16128A7DBFD00385E93 /* edit */ = {
			isa = PBXGroup;
			children = (
				1102C16528A7DC2000385E93 /* viewmodel */,
				1102C17428A7DDF600385E93 /* EditViewController.swift */,
				1102C17528A7DDF600385E93 /* EditViewController.xib */,
			);
			path = edit;
			sourceTree = "<group>";
		};
		1102C16228A7DC0300385E93 /* create */ = {
			isa = PBXGroup;
			children = (
				1102C16428A7DC1C00385E93 /* viewmodel */,
				1102C17028A7DDEB00385E93 /* CreateViewController.swift */,
				1102C17128A7DDEB00385E93 /* CreateViewController.xib */,
			);
			path = create;
			sourceTree = "<group>";
		};
		1102C16328A7DC1000385E93 /* viewmodel */ = {
			isa = PBXGroup;
			children = (
				1102C16A28A7DC6B00385E93 /* HomeViewModel.swift */,
			);
			path = viewmodel;
			sourceTree = "<group>";
		};
		1102C16428A7DC1C00385E93 /* viewmodel */ = {
			isa = PBXGroup;
			children = (
				1102C17828A7E05D00385E93 /* CreateViewModel.swift */,
			);
			path = viewmodel;
			sourceTree = "<group>";
		};
		1102C16528A7DC2000385E93 /* viewmodel */ = {
			isa = PBXGroup;
			children = (
				1102C17A28A7E1B400385E93 /* EditViewModel.swift */,
			);
			path = viewmodel;
			sourceTree = "<group>";
		};
		2FAF03B7E55983E459D70082 /* Pods */ = {
			isa = PBXGroup;
			children = (
				D36967B17151EC0CE9FAB561 /* Pods-ContactsMVVM.debug.xcconfig */,
				F4A46008F0967A52BC35E404 /* Pods-ContactsMVVM.release.xcconfig */,
			);
			path = Pods;
			sourceTree = "<group>";
		};
		C3E71D2200BD86F4DDFB69E8 /* Frameworks */ = {
			isa = PBXGroup;
			children = (
				A3A6676AC5F55CCF8BB86F10 /* Pods_ContactsMVVM.framework */,
			);
			name = Frameworks;
			sourceTree = "<group>";
		};
/* End PBXGroup section */

/* Begin PBXNativeTarget section */
		1102C13E28A7DA7800385E93 /* ContactsMVVM */ = {
			isa = PBXNativeTarget;
			buildConfigurationList = 1102C15328A7DA7900385E93 /* Build configuration list for PBXNativeTarget "ContactsMVVM" */;
			buildPhases = (
				F5D744D2ECA9F6395D5980FC /* [CP] Check Pods Manifest.lock */,
				1102C13B28A7DA7800385E93 /* Sources */,
				1102C13C28A7DA7800385E93 /* Frameworks */,
				1102C13D28A7DA7800385E93 /* Resources */,
				6CEB67DD491B1167C176D7F5 /* [CP] Embed Pods Frameworks */,
			);
			buildRules = (
			);
			dependencies = (
			);
			name = ContactsMVVM;
			productName = ContactsMVVM;
			productReference = 1102C13F28A7DA7800385E93 /* ContactsMVVM.app */;
			productType = "com.apple.product-type.application";
		};
/* End PBXNativeTarget section */

/* Begin PBXProject section */
		1102C13728A7DA7800385E93 /* Project object */ = {
			isa = PBXProject;
			attributes = {
				BuildIndependentTargetsInParallel = 1;
				LastSwiftUpdateCheck = 1340;
				LastUpgradeCheck = 1340;
				TargetAttributes = {
					1102C13E28A7DA7800385E93 = {
						CreatedOnToolsVersion = 13.4.1;
					};
				};
			};
			buildConfigurationList = 1102C13A28A7DA7800385E93 /* Build configuration list for PBXProject "ContactsMVVM" */;
			compatibilityVersion = "Xcode 13.0";
			developmentRegion = en;
			hasScannedForEncodings = 0;
			knownRegions = (
				en,
				Base,
			);
			mainGroup = 1102C13628A7DA7800385E93;
			productRefGroup = 1102C14028A7DA7800385E93 /* Products */;
			projectDirPath = "";
			projectRoot = "";
			targets = (
				1102C13E28A7DA7800385E93 /* ContactsMVVM */,
			);
		};
/* End PBXProject section */

/* Begin PBXResourcesBuildPhase section */
		1102C13D28A7DA7800385E93 /* Resources */ = {
			isa = PBXResourcesBuildPhase;
			buildActionMask = 2147483647;
			files = (
				1102C15D28A7DAD800385E93 /* ContactTableViewCell.xib in Resources */,
				1102C14F28A7DA7900385E93 /* LaunchScreen.storyboard in Resources */,
				1102C17328A7DDEB00385E93 /* CreateViewController.xib in Resources */,
				1102C16928A7DC3200385E93 /* HomeViewController.xib in Resources */,
				1102C14C28A7DA7900385E93 /* Assets.xcassets in Resources */,
				1102C14A28A7DA7800385E93 /* Main.storyboard in Resources */,
				1102C17728A7DDF600385E93 /* EditViewController.xib in Resources */,
			);
			runOnlyForDeploymentPostprocessing = 0;
		};
/* End PBXResourcesBuildPhase section */

/* Begin PBXShellScriptBuildPhase section */
		6CEB67DD491B1167C176D7F5 /* [CP] Embed Pods Frameworks */ = {
			isa = PBXShellScriptBuildPhase;
			buildActionMask = 2147483647;
			files = (
			);
			inputFileListPaths = (
				"${PODS_ROOT}/Target Support Files/Pods-ContactsMVVM/Pods-ContactsMVVM-frameworks-${CONFIGURATION}-input-files.xcfilelist",
			);
			name = "[CP] Embed Pods Frameworks";
			outputFileListPaths = (
				"${PODS_ROOT}/Target Support Files/Pods-ContactsMVVM/Pods-ContactsMVVM-frameworks-${CONFIGURATION}-output-files.xcfilelist",
			);
			runOnlyForDeploymentPostprocessing = 0;
			shellPath = /bin/sh;
			shellScript = "\"${PODS_ROOT}/Target Support Files/Pods-ContactsMVVM/Pods-ContactsMVVM-frameworks.sh\"\n";
			showEnvVarsInLog = 0;
		};
		F5D744D2ECA9F6395D5980FC /* [CP] Check Pods Manifest.lock */ = {
			isa = PBXShellScriptBuildPhase;
			buildActionMask = 2147483647;
			files = (
			);
			inputFileListPaths = (
			);
			inputPaths = (
				"${PODS_PODFILE_DIR_PATH}/Podfile.lock",
				"${PODS_ROOT}/Manifest.lock",
			);
			name = "[CP] Check Pods Manifest.lock";
			outputFileListPaths = (
			);
			outputPaths = (
				"$(DERIVED_FILE_DIR)/Pods-ContactsMVVM-checkManifestLockResult.txt",
			);
			runOnlyForDeploymentPostprocessing = 0;
			shellPath = /bin/sh;
			shellScript = "diff \"${PODS_PODFILE_DIR_PATH}/Podfile.lock\" \"${PODS_ROOT}/Manifest.lock\" > /dev/null\nif [ $? != 0 ] ; then\n    # print error to STDERR\n    echo \"error: The sandbox is not in sync with the Podfile.lock. Run 'pod install' or update your CocoaPods installation.\" >&2\n    exit 1\nfi\n# This output is used by Xcode 'outputs' to avoid re-running this script phase.\necho \"SUCCESS\" > \"${SCRIPT_OUTPUT_FILE_0}\"\n";
			showEnvVarsInLog = 0;
		};
/* End PBXShellScriptBuildPhase section */

/* Begin PBXSourcesBuildPhase section */
		1102C13B28A7DA7800385E93 /* Sources */ = {
			isa = PBXSourcesBuildPhase;
			buildActionMask = 2147483647;
			files = (
				1102C17228A7DDEB00385E93 /* CreateViewController.swift in Sources */,
				1102C17928A7E05D00385E93 /* CreateViewModel.swift in Sources */,
				1102C16F28A7DCAF00385E93 /* Contacts.swift in Sources */,
				1102C15F28A7DBEC00385E93 /* BaseViewController.swift in Sources */,
				1102C15C28A7DAD800385E93 /* ContactTableViewCell.swift in Sources */,
				1102C16B28A7DC6B00385E93 /* HomeViewModel.swift in Sources */,
				1102C16D28A7DC9200385E93 /* Networking.swift in Sources */,
				1102C14728A7DA7800385E93 /* ViewController.swift in Sources */,
				1102C14328A7DA7800385E93 /* AppDelegate.swift in Sources */,
				1102C14528A7DA7800385E93 /* SceneDelegate.swift in Sources */,
				1102C17628A7DDF600385E93 /* EditViewController.swift in Sources */,
				1102C17B28A7E1B400385E93 /* EditViewModel.swift in Sources */,
				1102C16828A7DC3200385E93 /* HomeViewController.swift in Sources */,
			);
			runOnlyForDeploymentPostprocessing = 0;
		};
/* End PBXSourcesBuildPhase section */

/* Begin PBXVariantGroup section */
		1102C14828A7DA7800385E93 /* Main.storyboard */ = {
			isa = PBXVariantGroup;
			children = (
				1102C14928A7DA7800385E93 /* Base */,
			);
			name = Main.storyboard;
			sourceTree = "<group>";
		};
		1102C14D28A7DA7900385E93 /* LaunchScreen.storyboard */ = {
			isa = PBXVariantGroup;
			children = (
				1102C14E28A7DA7900385E93 /* Base */,
			);
			name = LaunchScreen.storyboard;
			sourceTree = "<group>";
		};
/* End PBXVariantGroup section */

/* Begin XCBuildConfiguration section */
		1102C15128A7DA7900385E93 /* Debug */ = {
			isa = XCBuildConfiguration;
			buildSettings = {
				ALWAYS_SEARCH_USER_PATHS = NO;
				CLANG_ANALYZER_NONNULL = YES;
				CLANG_ANALYZER_NUMBER_OBJECT_CONVERSION = YES_AGGRESSIVE;
				CLANG_CXX_LANGUAGE_STANDARD = "gnu++17";
				CLANG_ENABLE_MODULES = YES;
				CLANG_ENABLE_OBJC_ARC = YES;
				CLANG_ENABLE_OBJC_WEAK = YES;
				CLANG_WARN_BLOCK_CAPTURE_AUTORELEASING = YES;
				CLANG_WARN_BOOL_CONVERSION = YES;
				CLANG_WARN_COMMA = YES;
				CLANG_WARN_CONSTANT_CONVERSION = YES;
				CLANG_WARN_DEPRECATED_OBJC_IMPLEMENTATIONS = YES;
				CLANG_WARN_DIRECT_OBJC_ISA_USAGE = YES_ERROR;
				CLANG_WARN_DOCUMENTATION_COMMENTS = YES;
				CLANG_WARN_EMPTY_BODY = YES;
				CLANG_WARN_ENUM_CONVERSION = YES;
				CLANG_WARN_INFINITE_RECURSION = YES;
				CLANG_WARN_INT_CONVERSION = YES;
				CLANG_WARN_NON_LITERAL_NULL_CONVERSION = YES;
				CLANG_WARN_OBJC_IMPLICIT_RETAIN_SELF = YES;
				CLANG_WARN_OBJC_LITERAL_CONVERSION = YES;
				CLANG_WARN_OBJC_ROOT_CLASS = YES_ERROR;
				CLANG_WARN_QUOTED_INCLUDE_IN_FRAMEWORK_HEADER = YES;
				CLANG_WARN_RANGE_LOOP_ANALYSIS = YES;
				CLANG_WARN_STRICT_PROTOTYPES = YES;
				CLANG_WARN_SUSPICIOUS_MOVE = YES;
				CLANG_WARN_UNGUARDED_AVAILABILITY = YES_AGGRESSIVE;
				CLANG_WARN_UNREACHABLE_CODE = YES;
				CLANG_WARN__DUPLICATE_METHOD_MATCH = YES;
				COPY_PHASE_STRIP = NO;
				DEBUG_INFORMATION_FORMAT = dwarf;
				ENABLE_STRICT_OBJC_MSGSEND = YES;
				ENABLE_TESTABILITY = YES;
				GCC_C_LANGUAGE_STANDARD = gnu11;
				GCC_DYNAMIC_NO_PIC = NO;
				GCC_NO_COMMON_BLOCKS = YES;
				GCC_OPTIMIZATION_LEVEL = 0;
				GCC_PREPROCESSOR_DEFINITIONS = (
					"DEBUG=1",
					"$(inherited)",
				);
				GCC_WARN_64_TO_32_BIT_CONVERSION = YES;
				GCC_WARN_ABOUT_RETURN_TYPE = YES_ERROR;
				GCC_WARN_UNDECLARED_SELECTOR = YES;
				GCC_WARN_UNINITIALIZED_AUTOS = YES_AGGRESSIVE;
				GCC_WARN_UNUSED_FUNCTION = YES;
				GCC_WARN_UNUSED_VARIABLE = YES;
				IPHONEOS_DEPLOYMENT_TARGET = 15.5;
				MTL_ENABLE_DEBUG_INFO = INCLUDE_SOURCE;
				MTL_FAST_MATH = YES;
				ONLY_ACTIVE_ARCH = YES;
				SDKROOT = iphoneos;
				SWIFT_ACTIVE_COMPILATION_CONDITIONS = DEBUG;
				SWIFT_OPTIMIZATION_LEVEL = "-Onone";
			};
			name = Debug;
		};
		1102C15228A7DA7900385E93 /* Release */ = {
			isa = XCBuildConfiguration;
			buildSettings = {
				ALWAYS_SEARCH_USER_PATHS = NO;
				CLANG_ANALYZER_NONNULL = YES;
				CLANG_ANALYZER_NUMBER_OBJECT_CONVERSION = YES_AGGRESSIVE;
				CLANG_CXX_LANGUAGE_STANDARD = "gnu++17";
				CLANG_ENABLE_MODULES = YES;
				CLANG_ENABLE_OBJC_ARC = YES;
				CLANG_ENABLE_OBJC_WEAK = YES;
				CLANG_WARN_BLOCK_CAPTURE_AUTORELEASING = YES;
				CLANG_WARN_BOOL_CONVERSION = YES;
				CLANG_WARN_COMMA = YES;
				CLANG_WARN_CONSTANT_CONVERSION = YES;
				CLANG_WARN_DEPRECATED_OBJC_IMPLEMENTATIONS = YES;
				CLANG_WARN_DIRECT_OBJC_ISA_USAGE = YES_ERROR;
				CLANG_WARN_DOCUMENTATION_COMMENTS = YES;
				CLANG_WARN_EMPTY_BODY = YES;
				CLANG_WARN_ENUM_CONVERSION = YES;
				CLANG_WARN_INFINITE_RECURSION = YES;
				CLANG_WARN_INT_CONVERSION = YES;
				CLANG_WARN_NON_LITERAL_NULL_CONVERSION = YES;
				CLANG_WARN_OBJC_IMPLICIT_RETAIN_SELF = YES;
				CLANG_WARN_OBJC_LITERAL_CONVERSION = YES;
				CLANG_WARN_OBJC_ROOT_CLASS = YES_ERROR;
				CLANG_WARN_QUOTED_INCLUDE_IN_FRAMEWORK_HEADER = YES;
				CLANG_WARN_RANGE_LOOP_ANALYSIS = YES;
				CLANG_WARN_STRICT_PROTOTYPES = YES;
				CLANG_WARN_SUSPICIOUS_MOVE = YES;
				CLANG_WARN_UNGUARDED_AVAILABILITY = YES_AGGRESSIVE;
				CLANG_WARN_UNREACHABLE_CODE = YES;
				CLANG_WARN__DUPLICATE_METHOD_MATCH = YES;
				COPY_PHASE_STRIP = NO;
				DEBUG_INFORMATION_FORMAT = "dwarf-with-dsym";
				ENABLE_NS_ASSERTIONS = NO;
				ENABLE_STRICT_OBJC_MSGSEND = YES;
				GCC_C_LANGUAGE_STANDARD = gnu11;
				GCC_NO_COMMON_BLOCKS = YES;
				GCC_WARN_64_TO_32_BIT_CONVERSION = YES;
				GCC_WARN_ABOUT_RETURN_TYPE = YES_ERROR;
				GCC_WARN_UNDECLARED_SELECTOR = YES;
				GCC_WARN_UNINITIALIZED_AUTOS = YES_AGGRESSIVE;
				GCC_WARN_UNUSED_FUNCTION = YES;
				GCC_WARN_UNUSED_VARIABLE = YES;
				IPHONEOS_DEPLOYMENT_TARGET = 15.5;
				MTL_ENABLE_DEBUG_INFO = NO;
				MTL_FAST_MATH = YES;
				SDKROOT = iphoneos;
				SWIFT_COMPILATION_MODE = wholemodule;
				SWIFT_OPTIMIZATION_LEVEL = "-O";
				VALIDATE_PRODUCT = YES;
			};
			name = Release;
		};
		1102C15428A7DA7900385E93 /* Debug */ = {
			isa = XCBuildConfiguration;
			baseConfigurationReference = D36967B17151EC0CE9FAB561 /* Pods-ContactsMVVM.debug.xcconfig */;
			buildSettings = {
				ASSETCATALOG_COMPILER_APPICON_NAME = AppIcon;
				ASSETCATALOG_COMPILER_GLOBAL_ACCENT_COLOR_NAME = AccentColor;
				CODE_SIGN_STYLE = Automatic;
				CURRENT_PROJECT_VERSION = 1;
				DEVELOPMENT_TEAM = 4HRL3ZA9BV;
				GENERATE_INFOPLIST_FILE = YES;
				INFOPLIST_FILE = ContactsMVVM/Info.plist;
				INFOPLIST_KEY_UIApplicationSupportsIndirectInputEvents = YES;
				INFOPLIST_KEY_UILaunchStoryboardName = LaunchScreen;
				INFOPLIST_KEY_UIMainStoryboardFile = Main;
				INFOPLIST_KEY_UISupportedInterfaceOrientations_iPad = "UIInterfaceOrientationPortrait UIInterfaceOrientationPortraitUpsideDown UIInterfaceOrientationLandscapeLeft UIInterfaceOrientationLandscapeRight";
				INFOPLIST_KEY_UISupportedInterfaceOrientations_iPhone = "UIInterfaceOrientationPortrait UIInterfaceOrientationLandscapeLeft UIInterfaceOrientationLandscapeRight";
				LD_RUNPATH_SEARCH_PATHS = (
					"$(inherited)",
					"@executable_path/Frameworks",
				);
				MARKETING_VERSION = 1.0;
				PRODUCT_BUNDLE_IDENTIFIER = co.abu.ContactsMVVM;
				PRODUCT_NAME = "$(TARGET_NAME)";
				SWIFT_EMIT_LOC_STRINGS = YES;
				SWIFT_VERSION = 5.0;
				TARGETED_DEVICE_FAMILY = "1,2";
			};
			name = Debug;
		};
		1102C15528A7DA7900385E93 /* Release */ = {
			isa = XCBuildConfiguration;
			baseConfigurationReference = F4A46008F0967A52BC35E404 /* Pods-ContactsMVVM.release.xcconfig */;
			buildSettings = {
				ASSETCATALOG_COMPILER_APPICON_NAME = AppIcon;
				ASSETCATALOG_COMPILER_GLOBAL_ACCENT_COLOR_NAME = AccentColor;
				CODE_SIGN_STYLE = Automatic;
				CURRENT_PROJECT_VERSION = 1;
				DEVELOPMENT_TEAM = 4HRL3ZA9BV;
				GENERATE_INFOPLIST_FILE = YES;
				INFOPLIST_FILE = ContactsMVVM/Info.plist;
				INFOPLIST_KEY_UIApplicationSupportsIndirectInputEvents = YES;
				INFOPLIST_KEY_UILaunchStoryboardName = LaunchScreen;
				INFOPLIST_KEY_UIMainStoryboardFile = Main;
				INFOPLIST_KEY_UISupportedInterfaceOrientations_iPad = "UIInterfaceOrientationPortrait UIInterfaceOrientationPortraitUpsideDown UIInterfaceOrientationLandscapeLeft UIInterfaceOrientationLandscapeRight";
				INFOPLIST_KEY_UISupportedInterfaceOrientations_iPhone = "UIInterfaceOrientationPortrait UIInterfaceOrientationLandscapeLeft UIInterfaceOrientationLandscapeRight";
				LD_RUNPATH_SEARCH_PATHS = (
					"$(inherited)",
					"@executable_path/Frameworks",
				);
				MARKETING_VERSION = 1.0;
				PRODUCT_BUNDLE_IDENTIFIER = co.abu.ContactsMVVM;
				PRODUCT_NAME = "$(TARGET_NAME)";
				SWIFT_EMIT_LOC_STRINGS = YES;
				SWIFT_VERSION = 5.0;
				TARGETED_DEVICE_FAMILY = "1,2";
			};
			name = Release;
		};
/* End XCBuildConfiguration section */

/* Begin XCConfigurationList section */
		1102C13A28A7DA7800385E93 /* Build configuration list for PBXProject "ContactsMVVM" */ = {
			isa = XCConfigurationList;
			buildConfigurations = (
				1102C15128A7DA7900385E93 /* Debug */,
				1102C15228A7DA7900385E93 /* Release */,
			);
			defaultConfigurationIsVisible = 0;
			defaultConfigurationName = Release;
		};
		1102C15328A7DA7900385E93 /* Build configuration list for PBXNativeTarget "ContactsMVVM" */ = {
			isa = XCConfigurationList;
			buildConfigurations = (
				1102C15428A7DA7900385E93 /* Debug */,
				1102C15528A7DA7900385E93 /* Release */,
			);
			defaultConfigurationIsVisible = 0;
			defaultConfigurationName = Release;
		};
/* End XCConfigurationList section */
	};
	rootObject = 1102C13728A7DA7800385E93 /* Project object */;
}
